
Microsoft Visual Studio Solution File, Format Version 12.00
# Visual Studio Version 17
VisualStudioVersion = 17.2.32630.192
MinimumVisualStudioVersion = 10.0.40219.1
Project("{FAE04EC0-301F-11D3-BF4B-00C04F79EFBC}") = "WBC.SIT", "WBC.SIT\WBC.SIT.csproj", "{4593261B-9DE0-4FB4-9843-F721DD21E281}"
EndProject
Global
	GlobalSection(SolutionConfigurationPlatforms) = preSolution
		Debug|Any CPU = Debug|Any CPU
		Release|Any CPU = Release|Any CPU
	EndGlobalSection
	GlobalSection(ProjectConfigurationPlatforms) = postSolution
		{4593261B-9DE0-4FB4-9843-F721DD21E281}.Debug|Any CPU.ActiveCfg = Debug|Any CPU
		{4593261B-9DE0-4FB4-9843-F721DD21E281}.Debug|Any CPU.Build.0 = Debug|Any CPU
		{4593261B-9DE0-4FB4-9843-F721DD21E281}.Release|Any CPU.ActiveCfg = Release|Any CPU
		{4593261B-9DE0-4FB4-9843-F721DD21E281}.Release|Any CPU.Build.0 = Release|Any CPU
	EndGlobalSection
	GlobalSection(SolutionProperties) = preSolution
		HideSolutionNode = FALSE
	EndGlobalSection
	GlobalSection(ExtensibilityGlobals) = postSolution
		SolutionGuid = {214C20ED-9098-4495-9FD3-91F1DDE43AC2}
	EndGlobalSection
EndGlobal
